{
  "name": "package-resolve",
  "version": "1.0.0",
  "lockfileVersion": 1,
  "requires": true,
  "dependencies": {
    "jsonutil": {
      "version": "0.2.0",
      "resolved": "https://registry.npmjs.org/jsonutil/-/jsonutil-0.2.0.tgz",
      "integrity": "sha1-/h+c+HNWWGYNWheO9vZ4n44v6tU="
    }
  }
}
