{
  "name": "package-resolve",
  "version": "1.2.3",
  "lockfileVersion": 1,
  "requires": true,
  "dependencies": {
    "coffeescript": {
      "version": "2.5.0",
      "resolved": "https://registry.npmjs.org/coffeescript/-/coffeescript-2.5.0.tgz",
      "integrity": "sha512-RgTKZhAeKVFuGtce/d3U1x1h5W75AoYFQszNlGrtSIbexC9jowaZo574uUvc9zoNQSDLMWXVtsus9usMtbFU+w==",
      "dev": true
    },
    "jsonutil": {
      "version": "0.2.0",
      "resolved": "https://registry.npmjs.org/jsonutil/-/jsonutil-0.2.0.tgz",
      "integrity": "sha1-/h+c+HNWWGYNWheO9vZ4n44v6tU="
    }
  }
}
